PODS:
  - Alamofire (5.7.1)
  - YandexMapsMobile (4.4.0-lite)

DEPENDENCIES:
  - Alamofire
  - YandexMapsMobile (= 4.4.0-lite)

SPEC REPOS:
  trunk:
    - Alamofire
    - YandexMapsMobile

SPEC CHECKSUMS:
  Alamofire: 0123a34370cb170936ae79a8df46cc62b2edeb88
  YandexMapsMobile: 74934971bbd3716e6daecfebed696c07b83b6b22

PODFILE CHECKSUM: dd31474e667cca9c977a4501a25a26175cef29d6

COCOAPODS: 1.12.1
